# This file is automatically @generated by Poetry 1.4.2 and should not be changed by hand.

[[package]]
name = "monistode-binutils-shared"
version = "0.1.0"
description = "A collection of tools shared among the monistode binutils."
category = "main"
optional = false
python-versions = ">=3.11,<4.0"
files = [
    {file = "monistode_binutils_shared-0.1.0-py3-none-any.whl", hash = "sha256:62dd7edd81d854382c307f7766d6f0b26b0f64ed5862e95682448fb67c2418b7"},
    {file = "monistode_binutils_shared-0.1.0.tar.gz", hash = "sha256:49d43b3d70c40e9f2dada3879be244e8669e0784ab9a8a02108c6e5deac7bc95"},
]

[metadata]
lock-version = "2.0"
python-versions = "^3.11"
content-hash = "5a5f18c4d0e13e37de9ba055ffaa9326667134339b0cafbf45e18cc2c33e997f"
